github.com/bytedance/sonic v1.9.10 h1:GtV8/24xlIby9OLvxR8m81DH3NQv5LIgamiFVnY6U0=
github.com/bytedance/sonic v1.9.10/go.mod h1:qtwAZvKao0v+QZHWj0lyQr/dC2NfeMD+lmNjndFYes=
github.com/cespare/xxhash/v2 v2.2.0 h1:DC2jAB+12Z7hTCP8S+/C6ImpwQUjhY4DNVtEeTXE1k=
github.com/cespare/xxhash/v2 v2.2.0/go.mod h1:VGX0DQ3Q6Geln7aFDUwNT9RPLLbtiLMogckeDnDstg=
github.com/chenzhuoyu/base64x v0.0.0-20221115062448-fe3a3abad311 h1:qSEJ4anWXNT0r/2UXZRRB+0gk2nHq+zKJVV5ttG/1s=
github.com/chenzhuoyu/base64x v0.0.0-20221115062448-fe3a3abad311/go.mod h1:b583jCVtQ7jLuyNMQG2UprplYT+zNxKJp+0c1w9IQw=
github.com/davecgh/go-spew v1.1.1 h1:vj9j/u1bqnvCEfJOwUhtlOARqs3+rkEdbzkm9L+F1A=
github.com/davecgh/go-spew v1.1.1/go.mod h1:J7Y8YcW2NihsgmVo/mv3lAwl/skON4iLHjSsI+c5H8=
github.com/dgryski/go-rendezvous v0.0.0-20200823014737-9f7001d12a5f h1:lO4WD4F/rVNCu3fVc5dotjyws+ZeVtk7AcZzFEcgkE=
github.com/dgryski/go-rendezvous v0.0.0-20200823014737-9f7001d12a5f/go.mod h1:cuUVRXasLTGVI7PXC71IVJ9sdbLKZ3SP3sPPQKMr20=
github.com/gabriel-vasile/mimetype v1.4.2 h1:w5qFW6JKBz9QO4YTwxVrleA+B7fKIB76laEAZUogPs=
github.com/gabriel-vasile/mimetype v1.4.2/go.mod h1:zApsH/mKG4w07erKIaJPFiX0Tsq9BFQgN3qGY5GnNg=
github.com/gin-contrib/sse v1.4.0 h1:Y1V5nkFbNDnL8fO7xNxZ30HstH3LwKcupakJ+O2jWQ=
github.com/gin-contrib/sse v1.4.0/go.mod h1:scbssz8iZGVmEF1hkGvNspojkGioDcZ8cb07aUxtjc=
github.com/gin-gonic/gin v1.9.1 h1:4idEAncQnU5cB7BeepjlqV6BY6V1sdKMsvZlW4mkaE=
github.com/gin-gonic/gin v1.9.1/go.mod h1:qwereOnomatiyqvuC8fsQJ+F2VzRdnwLjudatQ0Fsj8=
github.com/go-playground/assert/v2 v2.2.0 h1:JvknZsQTYeFEojhoHkwklBz0P3370wMwZHvFgZF37o=
github.com/go-playground/assert/v2 v2.2.0/go.mod h1:VDjEfimB/XKnCa/xmlsq7gxEvQolHiYEG5ret7remI=
github.com/go-playground/locales v0.14.1 h1:EWaQ/wswjilfKngqkJ8LCNkF3sFMMgn2/bWZY5miEA=
github.com/go-playground/locales v0.14.1/go.mod h1:hxrqLVvrK65+Rwk5sA8MeVjeqiling8f24BvQ2xnuc=
github.com/go-playground/universal-translator v0.18.1 h1:Drgk1clyWT9t9ERarSZpvccPLwCtzYwmOHwGj87s8s=
github.com/go-playground/universal-translator v0.18.1/go.mod h1:xO0FLkIi1MhU5Ms7dqwcL87UH37iKQu1eVbM8p0U7c=
github.com/go-playground/validator/v10 v10.15.5 h1:LEz8ajgvKn7ULqKdV2KpCcFf/45Lw+heJJYE8dcog0=
github.com/go-playground/validator/v10 v10.15.5/go.mod h1:9iXMNT7sEkjXb0d0fSq7f3hLmzoViz60Uj7sShlxSc=
github.com/goccy/go-json v0.10.2 h1:CqznAYnrl11kzr/PfMmrTG7dsQsRQESnBkDbeafJQY=
github.com/goccy/go-json v0.10.2/go.mod h1:6MelG93GURQsLFErtHNojNwRmcstKCWyWCIquMOcKA=
github.com/golang-jwt/jwt/v5 v5.0.0 h1:1n1XNM9hk7O2sSLIsFbZplQT5cHfmJt+sPI7q7XiJM=
github.com/golang-jwt/jwt/v5 v5.0.0/go.mod h1:pqrtFR0X4osieyHYxtqeB8xsVrrBPLqBIrN00J26mw=
github.com/google/uuid v1.5.0 h1:1mklor4+ztSyQOu6/qiQILKnCCakzDbsWeHmHAmqkw=
github.com/google/uuid v1.5.0/go.mod h1:TIyPZe4MgqvfeYDBFedMoGGpEw/LqR17oN2 Night04=
github.com/jackc/pgpassfile v1.0.0 h1:/6Hmqy13Ss2zCq62VdNG8tM1wchn9b+70GFj9duYug=
github.com/jackc/pgpassfile v1.0.0/go.mod h1:CEx0iS5ambNFdcRtxPj5JhErrImyNaka9kyEZV0gQ=
github.com/jackc/pgservicefile v0.0.0-20221227161230-091c0ba34f0a h1:bbPeKDTLXQoN6o2/MqYPQl9PcjzHLKhGS7cKhLUMYU=
github.com/jackc/pgservicefile v0.0.0-20221227161230-091c0ba34f0a/go.mod h1:5TJZWKEWniPve33vlChHeQqo3FQZkein/v3FSj3QjM=
github.com/jackc/pgx/v5 v5.5.0 h1:NxstgwndsTRy7eFNDOuuid8e2c2ptLKVghvstWQaLA=
github.com/jackc/pgx/v5 v5.5.0/go.mod h1:Ig06C2Rvk4LTeEEGkl26sXulAn+KqpiK9Zchocolay=
github.com/jackc/puddle/v2 v2.2.1 h1:RhxXJtFvyWWdbgUSwI0tLs5DKrHb5OXnG3SimD7/d0=
github.com/jackc/puddle/v2 v2.2.1/go.mod h1:vriiEXTsqoi6vBQXrcusZPWVsy5yhwWs+5UpCyRUI0=
github.com/joho/godotenv v1.5.1 h1:7NXEN/5fgS6adsCHD6czvmigtisz0CLcXxQnormalized=
github.com/joho/godotenv v1.5.1/go.mod h1:f4LDr5Voq0i2e/R5DDNOoa2zzDfwtkxj2DAINhSEg=
github.com/json-iterator/go v1.1.12 h1:PV8peI4a0ysnczrg+LtxykD8LfKY9ML6u2jnxaQc5s=
github.com/json-iterator/go v1.1.12/go.mod h1:e30LSqwooZae/UwlEbR2852Gd8vFVmOZMljvna9PY8=
github.com/klauspost/compress v1.17.0 h1:Rnbp7nxuv8+t0v8GUvplKe+xwUB53m1xtYpbnJAGOP=
github.com/klauspost/compress v1.17.0/go.mod h1:ntbWvNcXe/1BfMwEAA+DSCjlMRnm7mrNUHashafak0=
github.com/klauspost/cpuid/v2 v2.2.5 h1:0E5MSMDEoAulmXNFbb9z+J+mAWCAaF5P/5NwLWXa8=
github.com/klauspost/cpuid/v2 v2.2.5/go.mod h1:Lcz8mBdAVd7hluTPy7lDkCWfZIgR2RY9MGxxRulQxo=
github.com/leodido/go-urn v1.2.4 h1:aEsj3pznrsGbyeW232Z/K0EfiDDOsfKld5IcqQ7K6Y=
github.com/leodido/go-urn v1.2.4/go.mod h1:36zfauA3zzwMZLiUnihEofLN599O9ztmvIstPhate=
github.com/lib/pq v1.10.9 h1:YXG7RB+JIjhP29X+OtkiDnYaXQsKg8+pbHWUMvFkVo=
github.com/lib/pq v1.10.9/go.mod h1:AlVN5x4E4xnaC1exQsxYbtCn5sFfSDA/FORTIB60Y8=
github.com/mattn/go-isatty v0.0.20 h1:xfD0iDuEKLC0E1rnUvLx5uGJKZqdP0iciDXtSlctL8=
github.com/mattn/go-isatty v0.0.20/go.mod h1:W+V8PltTTMOvKvAeJH7IuMrm7tPiV5mMsob3DsLCOI=
github.com/minio/minio-go/v7 v7.0.63 h1:miEXn4coAV5q78tHWLum+aI92jvHmueYew541Z2D2c=
github.com/minio/minio-go/v7 v7.0.63/go.mod h1:HXXD0+hZCLQHR37qVyhx7vYPMKKBk8tR+r4w1hIp4E=
github.com/modern-go/concurrent v0.0.0-20180306012644-bacd9c7ef1dd h1:TRLaZ9cD/w8PVh93nsPXa1VrQ6jlwL5oN8l14QlcNfJQY=
github.com/modern-go/concurrent v0.0.0-20180306012644-bacd9c7ef1dd/go.mod h1:6dJC0mAP4ikYjZQD68ci0ntVZkryVzCs50weuyxxj4=
github.com/modern-go/reflect2 v1.0.2 h1:xBagoLtFs94CBntxluL35b3Y7FoqUZozichL8AeSi8=
github.com/modern-go/reflect2 v1.0.2/go.mod h1:yWuevngMOJpCeKkxIS/N+80nEBHchK87vvWTN+x3wQ=
github.com/pelletier/go-toml/v2 v2.1.0 h1:FmkWPQyM8+20rjkHaC2NW+sSBcNyHoua+DM1C56/8=
github.com/pelletier/go-toml/v2 v2.1.0/go.mod h1:tJU2Z3ZkXwnUQDN1aSrw/a+WSwap0Lu9TUQbNvMPqA=
github.com/pmezard/go-difflib v1.0.0 h1:4DBwDE0NGyQoBHrsDMOYpysidX7uo+5+zwND5O+8Y=
github.com/pmezard/go-difflib v1.0.0/go.mod h1:iKH77koFhYxTK1pcRnkGLp1qjiLlYY7MuCo/8I/EY8=
github.com/redis/go-redis/v9 v9.2.1 h1:WlYJg71ODF0dVspZZCu3/wlZG16/cHRwP/wwxE8URA=
github.com/redis/go-redis/v9 v9.2.1/go.mod h1:hdY0cQFCN4fnSYBcjiVfapujregEGA4+rpnZpgjqE0=
github.com/rs/xid v1.5.0 h1:mKX4bl4icZP5Nq7V5yYcytoFI+B7fV8L7SYo5qWKdE=
github.com/rs/xid v1.5.0/go.mod h1:trrq9SKmV4HA/BF87j627jOSLDatalZoGluWQvQKD4=
github.com/stretchr/testify v1.8.4 h1:CcVxjf3Q8UT3nJ9WKPghyKZMiJ+gSae/MZ1hLMzVVo=
github.com/stretchr/testify v1.8.4/go.mod h1:sz/wgYrwAclzj3i6+3wJ2SH36Ro8pksm4zcf2ShDAE=
github.com/ugorji/go/codec v1.2.11 h1:BMaWp1Bb6dpe2DDA9GnnipywladYD3+jZtJJAbnwNk=
github.com/ugorji/go/codec v1.2.11/go.mod h1:UNzYvgUjS7HY1CwZCFFbTN0mo8q2QlYapg/s8MKIBM=
github.com/xdg-go/pbkdf2 v1.0.0 h1:Su7DPu48wXMwC3bs7MCNWTSPD2CGJ9rDVe7PkqA25c=
github.com/xdg-go/pbkdf2 v1.0.0/go.mod h1:jrpuAM330Rnjevvp3RMq5Dxl6Qy/Gb+u/CToJKCEY=
github.com/xdg-go/scram v1.1.2 h1:FHyIUcRFH/zDPVoJ7pLYoHnSBt+V8aqQsmtzQdsBzA=
github.com/xdg-go/scram v1.1.2/go.mod h1:RT/sEzTbU5y00aCOglLZe3CbkieFQkRKfNrgDA7zmg=
github.com/xdg-go/stringprep v1.0.4 h1:XLMRadynG4revolNywWQ+uccUV7mzZINNzKKH+V6Du8=
github.com/xdg-go/stringprep v1.0.4/go.mod h1:mPGuuIYwgs7jxj69l7lloeE82P1/5OA+s+founBJ6A=
golang.org/x/crypto v0.14.0 h1:wBqGXzWJW6DLOwhV/ENzoQHXU9OTJvCLInJnvstQewK=
golang.org/x/crypto v0.14.0/go.mod h1:MVWZzTXRiP/0/rFZpX6D3tSvPpZh8QNp5bqqyMkfYxA=
golang.org/x/net v0.17.0 h1:icxd5fm+swUZquIP0jZWLCD5MwKAqIXWdkjsBLS6sH4=
golang.org/x/net v0.17.0/go.mod h1:NxSsRvmm3Z8lo9bq8q7p7v5k0Q5agJtg+j4xs4IXvU=
golang.org/x/sync v0.4.0 h1:zxkM55ReWprKnGzQQXaUyLKlZ5d+VzUl0rWwM3JW7I=
golang.org/x/sync v0.4.0/go.mod h1:FU7BRWz2tNW+3quACPkgCx/L+uEAv1htQ0V83Z9Rj4=
golang.org/x/sys v0.13.0 h1:Af8nKPmuFypiUBjVoU9V+7Tq6hERZ7I52/6M11aNN8=
golang.org/x/sys v0.13.0/go.mod h1:oPkhp1MjuhygXxLZynPLDVYqHl66cqtLcvY2LatZ+b0=
golang.org/x/text v0.13.0 h1:ablQoSUd0tRdKxZTKqQ9aw8WL87t8aqzIyIKkR7rxs=
golang.org/x/text v0.13.0/go.mod h1:TvPlkZnyespQJddDqwsbQ7VBykhnEun5kUyfGUQTN4=
golang.org/x/time v0.4.0 h1:Z81tqI5ddIoXDPvVQ7/7CC9TnLM7mföEZM1s/8sNqo=
golang.org/x/time v0.4.0/go.mod h1:3BpgGlZrfSoJzlME1t9UNZfM5+cN6PSigYTZAu3XlM=
google.golang.org/protobuf v1.30.0 h1:kPPoIgf3Ti1NlWWw+SVoyKZlCQWIYqOtjT0NQeeWA=
google.golang.org/protobuf v1.30.0/go.mod h1:HV8QOv/II+AxKMEtBJlgtSqw9GrBkJ44VrxvfIrZjc=
gopkg.in/check.v1 v0.0.0-20161208181325-20d25e280405 h1:yhCVgyC4o1eVCa2tZl7eS0r+SDo693bJlVdllGsKSY=
gopkg.in/check.v1 v0.0.0-20161208181325-20d25e280405/go.mod h1:Co6ibVRQsooBWmWSwYCWZOgCDikiQKKqKDlAO592Ygo=
gopkg.in/mail.v2 v2.3.1 h1:YB+uJj+y3CdHlhkh7V1pzgSQPkJILe40qJfqbgVlGk=
gopkg.in/mail.v2 v2.3.1/go.mod h1:wngxua9XCNjvWd59gLEvq9iQRPQ4F39c7DY5c6PEY4=
gopkg.in/yaml.v3 v3.0.1 h1:fxVm/GzulhFknWhAIlSEgm/rvIQElmVCJWLWw7uQa0=
gopkg.in/yaml.v3 v3.0.1/go.mod h1:K4uyk7z7BCEPqu6E+C64Yfv1cQ41KJGiK3e7K9 Lafj=
